Microsoft Visual Studio Solution File, Format Version 12.00
# Visual Studio Version 17
VisualStudioVersion = 17.0.32112.339
MinimumVisualStudioVersion = 10.0.40219.1
Project("{9A19103F-16F7-4668-BE54-9A1E7A4F7556}") = "UmbracoProject", "UmbracoProject.csproj", "{F866C3C4-AF27-4808-B079-2358E7C65116}"
EndProject
Project("{9A19103F-16F7-4668-BE54-9A1E7A4F7556}") = "UmbracoExercise.Core", "..\..\..\UmbracoExercise\UmbracoExercise.Core\UmbracoExercise.Core.csproj", "{DA2B5320-5AC8-4CE0-A268-728051C60A0C}"
EndProject
Global
	GlobalSection(SolutionConfigurationPlatforms) = preSolution
		Debug|Any CPU = Debug|Any CPU
		Release|Any CPU = Release|Any CPU
	EndGlobalSection
	GlobalSection(ProjectConfigurationPlatforms) = postSolution
		{F866C3C4-AF27-4808-B079-2358E7C65116}.Debug|Any CPU.ActiveCfg = Debug|Any CPU
		{F866C3C4-AF27-4808-B079-2358E7C65116}.Debug|Any CPU.Build.0 = Debug|Any CPU
		{F866C3C4-AF27-4808-B079-2358E7C65116}.Release|Any CPU.ActiveCfg = Release|Any CPU
		{F866C3C4-AF27-4808-B079-2358E7C65116}.Release|Any CPU.Build.0 = Release|Any CPU
		{DA2B5320-5AC8-4CE0-A268-728051C60A0C}.Debug|Any CPU.ActiveCfg = Debug|Any CPU
		{DA2B5320-5AC8-4CE0-A268-728051C60A0C}.Debug|Any CPU.Build.0 = Debug|Any CPU
		{DA2B5320-5AC8-4CE0-A268-728051C60A0C}.Release|Any CPU.ActiveCfg = Release|Any CPU
		{DA2B5320-5AC8-4CE0-A268-728051C60A0C}.Release|Any CPU.Build.0 = Release|Any CPU
	EndGlobalSection
	GlobalSection(SolutionProperties) = preSolution
		HideSolutionNode = FALSE
	EndGlobalSection
	GlobalSection(ExtensibilityGlobals) = postSolution
		SolutionGuid = {19E29E84-3FA5-4342-9408-E3DB45834B7C}
	EndGlobalSection
EndGlobal
